
Microsoft Visual Studio Solution File, Format Version 12.00
# Visual Studio Version 16
VisualStudioVersion = 16.0.29911.84
MinimumVisualStudioVersion = 10.0.40219.1
Project("{FAE04EC0-301F-11D3-BF4B-00C04F79EFBC}") = "RVT_Console_Tests", "RVT_Console_Tests.csproj", "{D2803160-0BD7-4D3D-BB47-24F7EDC335DB}"
	ProjectSection(ProjectDependencies) = postProject
		{61ED8E26-A01E-42FB-82FC-A99D7C1D9F59} = {61ED8E26-A01E-42FB-82FC-A99D7C1D9F59}
	EndProjectSection
EndProject
Project("{FAE04EC0-301F-11D3-BF4B-00C04F79EFBC}") = "RVT_Block_lib", "..\RVT_Block_lib\RVT_Block_lib.csproj", "{61ED8E26-A01E-42FB-82FC-A99D7C1D9F59}"
EndProject
Project("{FAE04EC0-301F-11D3-BF4B-00C04F79EFBC}") = "RVT_Block_libTests", "..\RVT_Block_libTests\RVT_Block_libTests.csproj", "{BC41FBCA-EAE6-46FD-8D78-76DCBBF65023}"
EndProject
Global
	GlobalSection(SolutionConfigurationPlatforms) = preSolution
		Debug|Any CPU = Debug|Any CPU
		Release|Any CPU = Release|Any CPU
	EndGlobalSection
	GlobalSection(ProjectConfigurationPlatforms) = postSolution
		{D2803160-0BD7-4D3D-BB47-24F7EDC335DB}.Debug|Any CPU.ActiveCfg = Debug|Any CPU
		{D2803160-0BD7-4D3D-BB47-24F7EDC335DB}.Debug|Any CPU.Build.0 = Debug|Any CPU
		{D2803160-0BD7-4D3D-BB47-24F7EDC335DB}.Release|Any CPU.ActiveCfg = Release|Any CPU
		{D2803160-0BD7-4D3D-BB47-24F7EDC335DB}.Release|Any CPU.Build.0 = Release|Any CPU
		{61ED8E26-A01E-42FB-82FC-A99D7C1D9F59}.Debug|Any CPU.ActiveCfg = Debug|Any CPU
		{61ED8E26-A01E-42FB-82FC-A99D7C1D9F59}.Debug|Any CPU.Build.0 = Debug|Any CPU
		{61ED8E26-A01E-42FB-82FC-A99D7C1D9F59}.Release|Any CPU.ActiveCfg = Release|Any CPU
		{61ED8E26-A01E-42FB-82FC-A99D7C1D9F59}.Release|Any CPU.Build.0 = Release|Any CPU
		{BC41FBCA-EAE6-46FD-8D78-76DCBBF65023}.Debug|Any CPU.ActiveCfg = Debug|Any CPU
		{BC41FBCA-EAE6-46FD-8D78-76DCBBF65023}.Debug|Any CPU.Build.0 = Debug|Any CPU
		{BC41FBCA-EAE6-46FD-8D78-76DCBBF65023}.Release|Any CPU.ActiveCfg = Release|Any CPU
		{BC41FBCA-EAE6-46FD-8D78-76DCBBF65023}.Release|Any CPU.Build.0 = Release|Any CPU
	EndGlobalSection
	GlobalSection(SolutionProperties) = preSolution
		HideSolutionNode = FALSE
	EndGlobalSection
	GlobalSection(ExtensibilityGlobals) = postSolution
		SolutionGuid = {15DE76BD-8DA1-47ED-AA13-544EC66AEF44}
	EndGlobalSection
EndGlobal
