
Microsoft Visual Studio Solution File, Format Version 12.00
# Visual Studio Version 16
VisualStudioVersion = 16.0.29911.84
MinimumVisualStudioVersion = 10.0.40219.1
Project("{9A19103F-16F7-4668-BE54-9A1E7A4F7556}") = "RVT_W_BusinessLayer", "..\RVT_W_BusinessLayer\RVT_W_BusinessLayer.csproj", "{D13EB411-21DB-4E36-A3FF-E77D032438D9}"
EndProject
Project("{9A19103F-16F7-4668-BE54-9A1E7A4F7556}") = "RVTLibrary", "..\RVTLibrary\RVTLibrary.csproj", "{C71E4CDD-F3C4-4597-AD1C-F6D56E5EE7B1}"
EndProject
Project("{9A19103F-16F7-4668-BE54-9A1E7A4F7556}") = "RVTWebTerminal", "..\RVTWebTerminal\RVTWebTerminal.csproj", "{5EA30BDB-75DD-4841-85EE-736B923B3DF3}"
EndProject
Global
	GlobalSection(SolutionConfigurationPlatforms) = preSolution
		Debug|Any CPU = Debug|Any CPU
		Release|Any CPU = Release|Any CPU
	EndGlobalSection
	GlobalSection(ProjectConfigurationPlatforms) = postSolution
		{D13EB411-21DB-4E36-A3FF-E77D032438D9}.Debug|Any CPU.ActiveCfg = Debug|Any CPU
		{D13EB411-21DB-4E36-A3FF-E77D032438D9}.Debug|Any CPU.Build.0 = Debug|Any CPU
		{D13EB411-21DB-4E36-A3FF-E77D032438D9}.Release|Any CPU.ActiveCfg = Release|Any CPU
		{D13EB411-21DB-4E36-A3FF-E77D032438D9}.Release|Any CPU.Build.0 = Release|Any CPU
		{C71E4CDD-F3C4-4597-AD1C-F6D56E5EE7B1}.Debug|Any CPU.ActiveCfg = Debug|Any CPU
		{C71E4CDD-F3C4-4597-AD1C-F6D56E5EE7B1}.Debug|Any CPU.Build.0 = Debug|Any CPU
		{C71E4CDD-F3C4-4597-AD1C-F6D56E5EE7B1}.Release|Any CPU.ActiveCfg = Release|Any CPU
		{C71E4CDD-F3C4-4597-AD1C-F6D56E5EE7B1}.Release|Any CPU.Build.0 = Release|Any CPU
		{5EA30BDB-75DD-4841-85EE-736B923B3DF3}.Debug|Any CPU.ActiveCfg = Debug|Any CPU
		{5EA30BDB-75DD-4841-85EE-736B923B3DF3}.Debug|Any CPU.Build.0 = Debug|Any CPU
		{5EA30BDB-75DD-4841-85EE-736B923B3DF3}.Release|Any CPU.ActiveCfg = Release|Any CPU
		{5EA30BDB-75DD-4841-85EE-736B923B3DF3}.Release|Any CPU.Build.0 = Release|Any CPU
	EndGlobalSection
	GlobalSection(SolutionProperties) = preSolution
		HideSolutionNode = FALSE
	EndGlobalSection
	GlobalSection(ExtensibilityGlobals) = postSolution
		SolutionGuid = {316FF322-666E-4086-9591-835109957EAF}
	EndGlobalSection
EndGlobal
